// !$*UTF8*$!
{
	archiveVersion = 1;
	classes = {
	};
	objectVersion = 77;
	objects = {

/* Begin PBXBuildFile section */
		26D100022F9700000048F045 /* DerpholeMobile.xcframework in Frameworks */ = {isa = PBXBuildFile; fileRef = 26D100012F9700000048F045 /* DerpholeMobile.xcframework */; };
/* End PBXBuildFile section */

/* Begin PBXContainerItemProxy section */
		264B361F2F9556570048F045 /* PBXContainerItemProxy */ = {
			isa = PBXContainerItemProxy;
			containerPortal = 264B36092F9556570048F045 /* Project object */;
			proxyType = 1;
			remoteGlobalIDString = 264B36102F9556570048F045;
			remoteInfo = Derphole;
		};
		264B36292F9556570048F045 /* PBXContainerItemProxy */ = {
			isa = PBXContainerItemProxy;
			containerPortal = 264B36092F9556570048F045 /* Project object */;
			proxyType = 1;
			remoteGlobalIDString = 264B36102F9556570048F045;
			remoteInfo = Derphole;
		};
/* End PBXContainerItemProxy section */

/* Begin PBXFileReference section */
		264B36112F9556570048F045 /* Derphole.app */ = {isa = PBXFileReference; explicitFileType = wrapper.application; includeInIndex = 0; path = Derphole.app; sourceTree = BUILT_PRODUCTS_DIR; };
		264B361E2F9556570048F045 /* DerpholeTests.xctest */ = {isa = PBXFileReference; explicitFileType = wrapper.cfbundle; includeInIndex = 0; path = DerpholeTests.xctest; sourceTree = BUILT_PRODUCTS_DIR; };
		264B36282F9556570048F045 /* DerpholeUITests.xctest */ = {isa = PBXFileReference; explicitFileType = wrapper.cfbundle; includeInIndex = 0; path = DerpholeUITests.xctest; sourceTree = BUILT_PRODUCTS_DIR; };
		26D100012F9700000048F045 /* DerpholeMobile.xcframework */ = {isa = PBXFileReference; lastKnownFileType = wrapper.xcframework; name = DerpholeMobile.xcframework; path = ../../dist/apple/DerpholeMobile.xcframework; sourceTree = "<group>"; };
/* End PBXFileReference section */

/* Begin PBXFileSystemSynchronizedBuildFileExceptionSet section */
		26D100032F9700010048F045 /* Exceptions for "Derphole" folder in "Derphole" target */ = {
			isa = PBXFileSystemSynchronizedBuildFileExceptionSet;
			membershipExceptions = (
				Info.plist,
			);
			target = 264B36102F9556570048F045 /* Derphole */;
		};
/* End PBXFileSystemSynchronizedBuildFileExceptionSet section */

/* Begin PBXFileSystemSynchronizedRootGroup section */
		264B36132F9556570048F045 /* Derphole */ = {
			isa = PBXFileSystemSynchronizedRootGroup;
			exceptions = (
				26D100032F9700010048F045 /* Exceptions for "Derphole" folder in "Derphole" target */,
			);
			path = Derphole;
			sourceTree = "<group>";
		};
		264B36212F9556570048F045 /* DerpholeTests */ = {
			isa = PBXFileSystemSynchronizedRootGroup;
			path = DerpholeTests;
			sourceTree = "<group>";
		};
		264B362B2F9556570048F045 /* DerpholeUITests */ = {
			isa = PBXFileSystemSynchronizedRootGroup;
			path = DerpholeUITests;
			sourceTree = "<group>";
		};
/* End PBXFileSystemSynchronizedRootGroup section */

/* Begin PBXFrameworksBuildPhase section */
		264B360E2F9556570048F045 /* Frameworks */ = {
			isa = PBXFrameworksBuildPhase;
			buildActionMask = 2147483647;
			files = (
				26D100022F9700000048F045 /* DerpholeMobile.xcframework in Frameworks */,
			);
			runOnlyForDeploymentPostprocessing = 0;
		};
		264B361B2F9556570048F045 /* Frameworks */ = {
			isa = PBXFrameworksBuildPhase;
			buildActionMask = 2147483647;
			files = (
			);
			runOnlyForDeploymentPostprocessing = 0;
		};
		264B36252F9556570048F045 /* Frameworks */ = {
			isa = PBXFrameworksBuildPhase;
			buildActionMask = 2147483647;
			files = (
			);
			runOnlyForDeploymentPostprocessing = 0;
		};
/* End PBXFrameworksBuildPhase section */

/* Begin PBXGroup section */
		264B36082F9556570048F045 = {
			isa = PBXGroup;
			children = (
				26D100012F9700000048F045 /* DerpholeMobile.xcframework */,
				264B36132F9556570048F045 /* Derphole */,
				264B36212F9556570048F045 /* DerpholeTests */,
				264B362B2F9556570048F045 /* DerpholeUITests */,
				264B36122F9556570048F045 /* Products */,
			);
			sourceTree = "<group>";
		};
		264B36122F9556570048F045 /* Products */ = {
			isa = PBXGroup;
			children = (
				264B36112F9556570048F045 /* Derphole.app */,
				264B361E2F9556570048F045 /* DerpholeTests.xctest */,
				264B36282F9556570048F045 /* DerpholeUITests.xctest */,
			);
			name = Products;
			sourceTree = "<group>";
		};
/* End PBXGroup section */

/* Begin PBXNativeTarget section */
		264B36102F9556570048F045 /* Derphole */ = {
			isa = PBXNativeTarget;
			buildConfigurationList = 264B36322F9556570048F045 /* Build configuration list for PBXNativeTarget "Derphole" */;
			buildPhases = (
				264B360D2F9556570048F045 /* Sources */,
				264B360E2F9556570048F045 /* Frameworks */,
				264B360F2F9556570048F045 /* Resources */,
			);
			buildRules = (
			);
			dependencies = (
			);
			fileSystemSynchronizedGroups = (
				264B36132F9556570048F045 /* Derphole */,
			);
			name = Derphole;
			packageProductDependencies = (
			);
			productName = Derphole;
			productReference = 264B36112F9556570048F045 /* Derphole.app */;
			productType = "com.apple.product-type.application";
		};
		264B361D2F9556570048F045 /* DerpholeTests */ = {
			isa = PBXNativeTarget;
			buildConfigurationList = 264B36352F9556570048F045 /* Build configuration list for PBXNativeTarget "DerpholeTests" */;
			buildPhases = (
				264B361A2F9556570048F045 /* Sources */,
				264B361B2F9556570048F045 /* Frameworks */,
				264B361C2F9556570048F045 /* Resources */,
			);
			buildRules = (
			);
			dependencies = (
				264B36202F9556570048F045 /* PBXTargetDependency */,
			);
			fileSystemSynchronizedGroups = (
				264B36212F9556570048F045 /* DerpholeTests */,
			);
			name = DerpholeTests;
			packageProductDependencies = (
			);
			productName = DerpholeTests;
			productReference = 264B361E2F9556570048F045 /* DerpholeTests.xctest */;
			productType = "com.apple.product-type.bundle.unit-test";
		};
		264B36272F9556570048F045 /* DerpholeUITests */ = {
			isa = PBXNativeTarget;
			buildConfigurationList = 264B36382F9556570048F045 /* Build configuration list for PBXNativeTarget "DerpholeUITests" */;
			buildPhases = (
				264B36242F9556570048F045 /* Sources */,
				264B36252F9556570048F045 /* Frameworks */,
				264B36262F9556570048F045 /* Resources */,
			);
			buildRules = (
			);
			dependencies = (
				264B362A2F9556570048F045 /* PBXTargetDependency */,
			);
			fileSystemSynchronizedGroups = (
				264B362B2F9556570048F045 /* DerpholeUITests */,
			);
			name = DerpholeUITests;
			packageProductDependencies = (
			);
			productName = DerpholeUITests;
			productReference = 264B36282F9556570048F045 /* DerpholeUITests.xctest */;
			productType = "com.apple.product-type.bundle.ui-testing";
		};
/* End PBXNativeTarget section */

/* Begin PBXProject section */
		264B36092F9556570048F045 /* Project object */ = {
			isa = PBXProject;
			attributes = {
				BuildIndependentTargetsInParallel = 1;
				LastSwiftUpdateCheck = 2640;
				LastUpgradeCheck = 2640;
				TargetAttributes = {
					264B36102F9556570048F045 = {
						CreatedOnToolsVersion = 26.4.1;
					};
					264B361D2F9556570048F045 = {
						CreatedOnToolsVersion = 26.4.1;
						TestTargetID = 264B36102F9556570048F045;
					};
					264B36272F9556570048F045 = {
						CreatedOnToolsVersion = 26.4.1;
						TestTargetID = 264B36102F9556570048F045;
					};
				};
			};
			buildConfigurationList = 264B360C2F9556570048F045 /* Build configuration list for PBXProject "Derphole" */;
			developmentRegion = en;
			hasScannedForEncodings = 0;
			knownRegions = (
				en,
				Base,
			);
			mainGroup = 264B36082F9556570048F045;
			minimizedProjectReferenceProxies = 1;
			preferredProjectObjectVersion = 77;
			productRefGroup = 264B36122F9556570048F045 /* Products */;
			projectDirPath = "";
			projectRoot = "";
			targets = (
				264B36102F9556570048F045 /* Derphole */,
				264B361D2F9556570048F045 /* DerpholeTests */,
				264B36272F9556570048F045 /* DerpholeUITests */,
			);
		};
/* End PBXProject section */

/* Begin PBXResourcesBuildPhase section */
		264B360F2F9556570048F045 /* Resources */ = {
			isa = PBXResourcesBuildPhase;
			buildActionMask = 2147483647;
			files = (
			);
			runOnlyForDeploymentPostprocessing = 0;
		};
		264B361C2F9556570048F045 /* Resources */ = {
			isa = PBXResourcesBuildPhase;
			buildActionMask = 2147483647;
			files = (
			);
			runOnlyForDeploymentPostprocessing = 0;
		};
		264B36262F9556570048F045 /* Resources */ = {
			isa = PBXResourcesBuildPhase;
			buildActionMask = 2147483647;
			files = (
			);
			runOnlyForDeploymentPostprocessing = 0;
		};
/* End PBXResourcesBuildPhase section */

/* Begin PBXSourcesBuildPhase section */
		264B360D2F9556570048F045 /* Sources */ = {
			isa = PBXSourcesBuildPhase;
			buildActionMask = 2147483647;
			files = (
			);
			runOnlyForDeploymentPostprocessing = 0;
		};
		264B361A2F9556570048F045 /* Sources */ = {
			isa = PBXSourcesBuildPhase;
			buildActionMask = 2147483647;
			files = (
			);
			runOnlyForDeploymentPostprocessing = 0;
		};
		264B36242F9556570048F045 /* Sources */ = {
			isa = PBXSourcesBuildPhase;
			buildActionMask = 2147483647;
			files = (
			);
			runOnlyForDeploymentPostprocessing = 0;
		};
/* End PBXSourcesBuildPhase section */

/* Begin PBXTargetDependency section */
		264B36202F9556570048F045 /* PBXTargetDependency */ = {
			isa = PBXTargetDependency;
			target = 264B36102F9556570048F045 /* Derphole */;
			targetProxy = 264B361F2F9556570048F045 /* PBXContainerItemProxy */;
		};
		264B362A2F9556570048F045 /* PBXTargetDependency */ = {
			isa = PBXTargetDependency;
			target = 264B36102F9556570048F045 /* Derphole */;
			targetProxy = 264B36292F9556570048F045 /* PBXContainerItemProxy */;
		};
/* End PBXTargetDependency section */

/* Begin XCBuildConfiguration section */
		264B36302F9556570048F045 /* Debug */ = {
			isa = XCBuildConfiguration;
			buildSettings = {
				ALWAYS_SEARCH_USER_PATHS = NO;
				ASSETCATALOG_COMPILER_GENERATE_SWIFT_ASSET_SYMBOL_EXTENSIONS = YES;
				CLANG_ANALYZER_NONNULL = YES;
				CLANG_ANALYZER_NUMBER_OBJECT_CONVERSION = YES_AGGRESSIVE;
				CLANG_CXX_LANGUAGE_STANDARD = "gnu++20";
				CLANG_ENABLE_MODULES = YES;
				CLANG_ENABLE_OBJC_ARC = YES;
				CLANG_ENABLE_OBJC_WEAK = YES;
				CLANG_WARN_BLOCK_CAPTURE_AUTORELEASING = YES;
				CLANG_WARN_BOOL_CONVERSION = YES;
				CLANG_WARN_COMMA = YES;
				CLANG_WARN_CONSTANT_CONVERSION = YES;
				CLANG_WARN_DEPRECATED_OBJC_IMPLEMENTATIONS = YES;
				CLANG_WARN_DIRECT_OBJC_ISA_USAGE = YES_ERROR;
				CLANG_WARN_DOCUMENTATION_COMMENTS = YES;
				CLANG_WARN_EMPTY_BODY = YES;
				CLANG_WARN_ENUM_CONVERSION = YES;
				CLANG_WARN_INFINITE_RECURSION = YES;
				CLANG_WARN_INT_CONVERSION = YES;
				CLANG_WARN_NON_LITERAL_NULL_CONVERSION = YES;
				CLANG_WARN_OBJC_IMPLICIT_RETAIN_SELF = YES;
				CLANG_WARN_OBJC_LITERAL_CONVERSION = YES;
				CLANG_WARN_OBJC_ROOT_CLASS = YES_ERROR;
				CLANG_WARN_QUOTED_INCLUDE_IN_FRAMEWORK_HEADER = YES;
				CLANG_WARN_RANGE_LOOP_ANALYSIS = YES;
				CLANG_WARN_STRICT_PROTOTYPES = YES;
				CLANG_WARN_SUSPICIOUS_MOVE = YES;
				CLANG_WARN_UNGUARDED_AVAILABILITY = YES_AGGRESSIVE;
				CLANG_WARN_UNREACHABLE_CODE = YES;
				CLANG_WARN__DUPLICATE_METHOD_MATCH = YES;
				COPY_PHASE_STRIP = NO;
				DEBUG_INFORMATION_FORMAT = dwarf;
				ENABLE_STRICT_OBJC_MSGSEND = YES;
				ENABLE_TESTABILITY = YES;
				ENABLE_USER_SCRIPT_SANDBOXING = YES;
				GCC_C_LANGUAGE_STANDARD = gnu17;
				GCC_DYNAMIC_NO_PIC = NO;
				GCC_NO_COMMON_BLOCKS = YES;
				GCC_OPTIMIZATION_LEVEL = 0;
				GCC_PREPROCESSOR_DEFINITIONS = (
					"DEBUG=1",
					"$(inherited)",
				);
				GCC_WARN_64_TO_32_BIT_CONVERSION = YES;
				GCC_WARN_ABOUT_RETURN_TYPE = YES_ERROR;
				GCC_WARN_UNDECLARED_SELECTOR = YES;
				GCC_WARN_UNINITIALIZED_AUTOS = YES_AGGRESSIVE;
				GCC_WARN_UNUSED_FUNCTION = YES;
				GCC_WARN_UNUSED_VARIABLE = YES;
				IPHONEOS_DEPLOYMENT_TARGET = 26.4;
				LOCALIZATION_PREFERS_STRING_CATALOGS = YES;
				MTL_ENABLE_DEBUG_INFO = INCLUDE_SOURCE;
				MTL_FAST_MATH = YES;
				ONLY_ACTIVE_ARCH = YES;
				SDKROOT = iphoneos;
				SWIFT_ACTIVE_COMPILATION_CONDITIONS = "DEBUG $(inherited)";
				SWIFT_OPTIMIZATION_LEVEL = "-Onone";
			};
			name = Debug;
		};
		264B36312F9556570048F045 /* Release */ = {
			isa = XCBuildConfiguration;
			buildSettings = {
				ALWAYS_SEARCH_USER_PATHS = NO;
				ASSETCATALOG_COMPILER_GENERATE_SWIFT_ASSET_SYMBOL_EXTENSIONS = YES;
				CLANG_ANALYZER_NONNULL = YES;
				CLANG_ANALYZER_NUMBER_OBJECT_CONVERSION = YES_AGGRESSIVE;
				CLANG_CXX_LANGUAGE_STANDARD = "gnu++20";
				CLANG_ENABLE_MODULES = YES;
				CLANG_ENABLE_OBJC_ARC = YES;
				CLANG_ENABLE_OBJC_WEAK = YES;
				CLANG_WARN_BLOCK_CAPTURE_AUTORELEASING = YES;
				CLANG_WARN_BOOL_CONVERSION = YES;
				CLANG_WARN_COMMA = YES;
				CLANG_WARN_CONSTANT_CONVERSION = YES;
				CLANG_WARN_DEPRECATED_OBJC_IMPLEMENTATIONS = YES;
				CLANG_WARN_DIRECT_OBJC_ISA_USAGE = YES_ERROR;
				CLANG_WARN_DOCUMENTATION_COMMENTS = YES;
				CLANG_WARN_EMPTY_BODY = YES;
				CLANG_WARN_ENUM_CONVERSION = YES;
				CLANG_WARN_INFINITE_RECURSION = YES;
				CLANG_WARN_INT_CONVERSION = YES;
				CLANG_WARN_NON_LITERAL_NULL_CONVERSION = YES;
				CLANG_WARN_OBJC_IMPLICIT_RETAIN_SELF = YES;
				CLANG_WARN_OBJC_LITERAL_CONVERSION = YES;
				CLANG_WARN_OBJC_ROOT_CLASS = YES_ERROR;
				CLANG_WARN_QUOTED_INCLUDE_IN_FRAMEWORK_HEADER = YES;
				CLANG_WARN_RANGE_LOOP_ANALYSIS = YES;
				CLANG_WARN_STRICT_PROTOTYPES = YES;
				CLANG_WARN_SUSPICIOUS_MOVE = YES;
				CLANG_WARN_UNGUARDED_AVAILABILITY = YES_AGGRESSIVE;
				CLANG_WARN_UNREACHABLE_CODE = YES;
				CLANG_WARN__DUPLICATE_METHOD_MATCH = YES;
				COPY_PHASE_STRIP = NO;
				DEBUG_INFORMATION_FORMAT = "dwarf-with-dsym";
				ENABLE_NS_ASSERTIONS = NO;
				ENABLE_STRICT_OBJC_MSGSEND = YES;
				ENABLE_USER_SCRIPT_SANDBOXING = YES;
				GCC_C_LANGUAGE_STANDARD = gnu17;
				GCC_NO_COMMON_BLOCKS = YES;
				GCC_WARN_64_TO_32_BIT_CONVERSION = YES;
				GCC_WARN_ABOUT_RETURN_TYPE = YES_ERROR;
				GCC_WARN_UNDECLARED_SELECTOR = YES;
				GCC_WARN_UNINITIALIZED_AUTOS = YES_AGGRESSIVE;
				GCC_WARN_UNUSED_FUNCTION = YES;
				GCC_WARN_UNUSED_VARIABLE = YES;
				IPHONEOS_DEPLOYMENT_TARGET = 26.4;
				LOCALIZATION_PREFERS_STRING_CATALOGS = YES;
				MTL_ENABLE_DEBUG_INFO = NO;
				MTL_FAST_MATH = YES;
				SDKROOT = iphoneos;
				SWIFT_COMPILATION_MODE = wholemodule;
				VALIDATE_PRODUCT = YES;
			};
			name = Release;
		};
		264B36332F9556570048F045 /* Debug */ = {
			isa = XCBuildConfiguration;
			buildSettings = {
				ASSETCATALOG_COMPILER_APPICON_NAME = AppIcon;
				ASSETCATALOG_COMPILER_GLOBAL_ACCENT_COLOR_NAME = AccentColor;
				CODE_SIGN_STYLE = Automatic;
				CURRENT_PROJECT_VERSION = 1;
				DEVELOPMENT_TEAM = Z5WJGBZKV9;
				ENABLE_PREVIEWS = YES;
				GENERATE_INFOPLIST_FILE = NO;
				"HEADER_SEARCH_PATHS[sdk=iphoneos*]" = (
					"$(VVTERM_VENDOR_ROOT)/libghostty/ios/include",
					"$(VVTERM_VENDOR_ROOT)/libssh2/include",
				);
				"HEADER_SEARCH_PATHS[sdk=iphonesimulator*]" = (
					"$(VVTERM_VENDOR_ROOT)/libghostty/ios-simulator/include",
					"$(VVTERM_VENDOR_ROOT)/libssh2/include",
				);
				INFOPLIST_FILE = Derphole/Info.plist;
				LD_RUNPATH_SEARCH_PATHS = (
					"$(inherited)",
					"@executable_path/Frameworks",
				);
				"LIBRARY_SEARCH_PATHS[sdk=iphoneos*]" = (
					"$(VVTERM_VENDOR_ROOT)/libghostty/ios/lib",
					"$(VVTERM_VENDOR_ROOT)/libssh2/ios/lib",
				);
				"LIBRARY_SEARCH_PATHS[sdk=iphonesimulator*]" = (
					"$(VVTERM_VENDOR_ROOT)/libghostty/ios-simulator/lib",
					"$(VVTERM_VENDOR_ROOT)/libssh2/ios-simulator/lib",
				);
				MARKETING_VERSION = 1.0;
				"OTHER_LDFLAGS[sdk=iphoneos*]" = (
					"-lghostty",
					"-lssh2",
					"-lssl",
					"-lcrypto",
					"-lc++",
					"-lz",
					"-framework",
					Metal,
					"-framework",
					QuartzCore,
					"-framework",
					UIKit,
				);
				"OTHER_LDFLAGS[sdk=iphonesimulator*]" = (
					"-lghostty",
					"-lssh2",
					"-lssl",
					"-lcrypto",
					"-lc++",
					"-lz",
					"-framework",
					Metal,
					"-framework",
					QuartzCore,
					"-framework",
					UIKit,
				);
				PRODUCT_BUNDLE_IDENTIFIER = dev.shayne.Derphole;
				PRODUCT_NAME = "$(TARGET_NAME)";
				STRING_CATALOG_GENERATE_SYMBOLS = YES;
				SWIFT_APPROACHABLE_CONCURRENCY = YES;
				SWIFT_DEFAULT_ACTOR_ISOLATION = MainActor;
				SWIFT_EMIT_LOC_STRINGS = YES;
				SWIFT_OBJC_BRIDGING_HEADER = "Derphole/Derphole-Bridging-Header.h";
				SWIFT_UPCOMING_FEATURE_MEMBER_IMPORT_VISIBILITY = YES;
				SWIFT_VERSION = 5.0;
				TARGETED_DEVICE_FAMILY = "1,2";
			};
			name = Debug;
		};
		264B36342F9556570048F045 /* Release */ = {
			isa = XCBuildConfiguration;
			buildSettings = {
				ASSETCATALOG_COMPILER_APPICON_NAME = AppIcon;
				ASSETCATALOG_COMPILER_GLOBAL_ACCENT_COLOR_NAME = AccentColor;
				CODE_SIGN_STYLE = Automatic;
				CURRENT_PROJECT_VERSION = 1;
				DEVELOPMENT_TEAM = Z5WJGBZKV9;
				ENABLE_PREVIEWS = YES;
				GENERATE_INFOPLIST_FILE = NO;
				"HEADER_SEARCH_PATHS[sdk=iphoneos*]" = (
					"$(VVTERM_VENDOR_ROOT)/libghostty/ios/include",
					"$(VVTERM_VENDOR_ROOT)/libssh2/include",
				);
				"HEADER_SEARCH_PATHS[sdk=iphonesimulator*]" = (
					"$(VVTERM_VENDOR_ROOT)/libghostty/ios-simulator/include",
					"$(VVTERM_VENDOR_ROOT)/libssh2/include",
				);
				INFOPLIST_FILE = Derphole/Info.plist;
				LD_RUNPATH_SEARCH_PATHS = (
					"$(inherited)",
					"@executable_path/Frameworks",
				);
				"LIBRARY_SEARCH_PATHS[sdk=iphoneos*]" = (
					"$(VVTERM_VENDOR_ROOT)/libghostty/ios/lib",
					"$(VVTERM_VENDOR_ROOT)/libssh2/ios/lib",
				);
				"LIBRARY_SEARCH_PATHS[sdk=iphonesimulator*]" = (
					"$(VVTERM_VENDOR_ROOT)/libghostty/ios-simulator/lib",
					"$(VVTERM_VENDOR_ROOT)/libssh2/ios-simulator/lib",
				);
				MARKETING_VERSION = 1.0;
				"OTHER_LDFLAGS[sdk=iphoneos*]" = (
					"-lghostty",
					"-lssh2",
					"-lssl",
					"-lcrypto",
					"-lc++",
					"-lz",
					"-framework",
					Metal,
					"-framework",
					QuartzCore,
					"-framework",
					UIKit,
				);
				"OTHER_LDFLAGS[sdk=iphonesimulator*]" = (
					"-lghostty",
					"-lssh2",
					"-lssl",
					"-lcrypto",
					"-lc++",
					"-lz",
					"-framework",
					Metal,
					"-framework",
					QuartzCore,
					"-framework",
					UIKit,
				);
				PRODUCT_BUNDLE_IDENTIFIER = dev.shayne.Derphole;
				PRODUCT_NAME = "$(TARGET_NAME)";
				STRING_CATALOG_GENERATE_SYMBOLS = YES;
				SWIFT_APPROACHABLE_CONCURRENCY = YES;
				SWIFT_DEFAULT_ACTOR_ISOLATION = MainActor;
				SWIFT_EMIT_LOC_STRINGS = YES;
				SWIFT_OBJC_BRIDGING_HEADER = "Derphole/Derphole-Bridging-Header.h";
				SWIFT_UPCOMING_FEATURE_MEMBER_IMPORT_VISIBILITY = YES;
				SWIFT_VERSION = 5.0;
				TARGETED_DEVICE_FAMILY = "1,2";
			};
			name = Release;
		};
		264B36362F9556570048F045 /* Debug */ = {
			isa = XCBuildConfiguration;
			buildSettings = {
				BUNDLE_LOADER = "$(TEST_HOST)";
				CODE_SIGN_STYLE = Automatic;
				CURRENT_PROJECT_VERSION = 1;
				GENERATE_INFOPLIST_FILE = YES;
				"HEADER_SEARCH_PATHS[sdk=iphoneos*]" = (
					"$(VVTERM_VENDOR_ROOT)/libghostty/ios/include",
					"$(VVTERM_VENDOR_ROOT)/libssh2/include",
				);
				"HEADER_SEARCH_PATHS[sdk=iphonesimulator*]" = (
					"$(VVTERM_VENDOR_ROOT)/libghostty/ios-simulator/include",
					"$(VVTERM_VENDOR_ROOT)/libssh2/include",
				);
				IPHONEOS_DEPLOYMENT_TARGET = 26.4;
				MARKETING_VERSION = 1.0;
				PRODUCT_BUNDLE_IDENTIFIER = dev.shayne.DerpholeTests;
				PRODUCT_NAME = "$(TARGET_NAME)";
				STRING_CATALOG_GENERATE_SYMBOLS = NO;
				SWIFT_APPROACHABLE_CONCURRENCY = YES;
				SWIFT_EMIT_LOC_STRINGS = NO;
				SWIFT_UPCOMING_FEATURE_MEMBER_IMPORT_VISIBILITY = YES;
				SWIFT_VERSION = 5.0;
				TARGETED_DEVICE_FAMILY = "1,2";
				TEST_HOST = "$(BUILT_PRODUCTS_DIR)/Derphole.app/$(BUNDLE_EXECUTABLE_FOLDER_PATH)/Derphole";
			};
			name = Debug;
		};
		264B36372F9556570048F045 /* Release */ = {
			isa = XCBuildConfiguration;
			buildSettings = {
				BUNDLE_LOADER = "$(TEST_HOST)";
				CODE_SIGN_STYLE = Automatic;
				CURRENT_PROJECT_VERSION = 1;
				GENERATE_INFOPLIST_FILE = YES;
				"HEADER_SEARCH_PATHS[sdk=iphoneos*]" = (
					"$(VVTERM_VENDOR_ROOT)/libghostty/ios/include",
					"$(VVTERM_VENDOR_ROOT)/libssh2/include",
				);
				"HEADER_SEARCH_PATHS[sdk=iphonesimulator*]" = (
					"$(VVTERM_VENDOR_ROOT)/libghostty/ios-simulator/include",
					"$(VVTERM_VENDOR_ROOT)/libssh2/include",
				);
				IPHONEOS_DEPLOYMENT_TARGET = 26.4;
				MARKETING_VERSION = 1.0;
				PRODUCT_BUNDLE_IDENTIFIER = dev.shayne.DerpholeTests;
				PRODUCT_NAME = "$(TARGET_NAME)";
				STRING_CATALOG_GENERATE_SYMBOLS = NO;
				SWIFT_APPROACHABLE_CONCURRENCY = YES;
				SWIFT_EMIT_LOC_STRINGS = NO;
				SWIFT_UPCOMING_FEATURE_MEMBER_IMPORT_VISIBILITY = YES;
				SWIFT_VERSION = 5.0;
				TARGETED_DEVICE_FAMILY = "1,2";
				TEST_HOST = "$(BUILT_PRODUCTS_DIR)/Derphole.app/$(BUNDLE_EXECUTABLE_FOLDER_PATH)/Derphole";
			};
			name = Release;
		};
		264B36392F9556570048F045 /* Debug */ = {
			isa = XCBuildConfiguration;
			buildSettings = {
				CODE_SIGN_STYLE = Automatic;
				CURRENT_PROJECT_VERSION = 1;
				GENERATE_INFOPLIST_FILE = YES;
				MARKETING_VERSION = 1.0;
				PRODUCT_BUNDLE_IDENTIFIER = dev.shayne.DerpholeUITests;
				PRODUCT_NAME = "$(TARGET_NAME)";
				STRING_CATALOG_GENERATE_SYMBOLS = NO;
				SWIFT_APPROACHABLE_CONCURRENCY = YES;
				SWIFT_EMIT_LOC_STRINGS = NO;
				SWIFT_UPCOMING_FEATURE_MEMBER_IMPORT_VISIBILITY = YES;
				SWIFT_VERSION = 5.0;
				TARGETED_DEVICE_FAMILY = "1,2";
				TEST_TARGET_NAME = Derphole;
			};
			name = Debug;
		};
		264B363A2F9556570048F045 /* Release */ = {
			isa = XCBuildConfiguration;
			buildSettings = {
				CODE_SIGN_STYLE = Automatic;
				CURRENT_PROJECT_VERSION = 1;
				GENERATE_INFOPLIST_FILE = YES;
				MARKETING_VERSION = 1.0;
				PRODUCT_BUNDLE_IDENTIFIER = dev.shayne.DerpholeUITests;
				PRODUCT_NAME = "$(TARGET_NAME)";
				STRING_CATALOG_GENERATE_SYMBOLS = NO;
				SWIFT_APPROACHABLE_CONCURRENCY = YES;
				SWIFT_EMIT_LOC_STRINGS = NO;
				SWIFT_UPCOMING_FEATURE_MEMBER_IMPORT_VISIBILITY = YES;
				SWIFT_VERSION = 5.0;
				TARGETED_DEVICE_FAMILY = "1,2";
				TEST_TARGET_NAME = Derphole;
			};
			name = Release;
		};
/* End XCBuildConfiguration section */

/* Begin XCConfigurationList section */
		264B360C2F9556570048F045 /* Build configuration list for PBXProject "Derphole" */ = {
			isa = XCConfigurationList;
			buildConfigurations = (
				264B36302F9556570048F045 /* Debug */,
				264B36312F9556570048F045 /* Release */,
			);
			defaultConfigurationIsVisible = 0;
			defaultConfigurationName = Release;
		};
		264B36322F9556570048F045 /* Build configuration list for PBXNativeTarget "Derphole" */ = {
			isa = XCConfigurationList;
			buildConfigurations = (
				264B36332F9556570048F045 /* Debug */,
				264B36342F9556570048F045 /* Release */,
			);
			defaultConfigurationIsVisible = 0;
			defaultConfigurationName = Release;
		};
		264B36352F9556570048F045 /* Build configuration list for PBXNativeTarget "DerpholeTests" */ = {
			isa = XCConfigurationList;
			buildConfigurations = (
				264B36362F9556570048F045 /* Debug */,
				264B36372F9556570048F045 /* Release */,
			);
			defaultConfigurationIsVisible = 0;
			defaultConfigurationName = Release;
		};
		264B36382F9556570048F045 /* Build configuration list for PBXNativeTarget "DerpholeUITests" */ = {
			isa = XCConfigurationList;
			buildConfigurations = (
				264B36392F9556570048F045 /* Debug */,
				264B363A2F9556570048F045 /* Release */,
			);
			defaultConfigurationIsVisible = 0;
			defaultConfigurationName = Release;
		};
/* End XCConfigurationList section */
	};
	rootObject = 264B36092F9556570048F045 /* Project object */;
}
